
Microsoft Visual Studio Solution File, Format Version 12.00
# Visual Studio Version 17
VisualStudioVersion = 17.9.34622.214
MinimumVisualStudioVersion = 10.0.40219.1
Project("{FAE04EC0-301F-11D3-BF4B-00C04F79EFBC}") = "ObservabilitySample", "ObservabilitySample\ObservabilitySample.csproj", "{28D756D2-4623-4AB7-8CC1-82DA1EBA6C95}"
EndProject
Project("{E53339B2-1760-4266-BCC7-CA923CBCF16C}") = "docker-compose", "docker-compose.dcproj", "{206DC23F-7AB1-46FB-938E-282190E4D006}"
EndProject
Global
	GlobalSection(SolutionConfigurationPlatforms) = preSolution
		Debug|Any CPU = Debug|Any CPU
		Release|Any CPU = Release|Any CPU
	EndGlobalSection
	GlobalSection(ProjectConfigurationPlatforms) = postSolution
		{28D756D2-4623-4AB7-8CC1-82DA1EBA6C95}.Debug|Any CPU.ActiveCfg = Debug|Any CPU
		{28D756D2-4623-4AB7-8CC1-82DA1EBA6C95}.Debug|Any CPU.Build.0 = Debug|Any CPU
		{28D756D2-4623-4AB7-8CC1-82DA1EBA6C95}.Release|Any CPU.ActiveCfg = Release|Any CPU
		{28D756D2-4623-4AB7-8CC1-82DA1EBA6C95}.Release|Any CPU.Build.0 = Release|Any CPU
		{206DC23F-7AB1-46FB-938E-282190E4D006}.Debug|Any CPU.ActiveCfg = Debug|Any CPU
		{206DC23F-7AB1-46FB-938E-282190E4D006}.Debug|Any CPU.Build.0 = Debug|Any CPU
		{206DC23F-7AB1-46FB-938E-282190E4D006}.Release|Any CPU.ActiveCfg = Release|Any CPU
		{206DC23F-7AB1-46FB-938E-282190E4D006}.Release|Any CPU.Build.0 = Release|Any CPU
	EndGlobalSection
	GlobalSection(SolutionProperties) = preSolution
		HideSolutionNode = FALSE
	EndGlobalSection
	GlobalSection(ExtensibilityGlobals) = postSolution
		SolutionGuid = {46D281B5-8FE7-4DA9-9BDD-2CBEC4F4A73A}
	EndGlobalSection
EndGlobal
